
Microsoft Visual Studio Solution File, Format Version 12.00
# Visual Studio Version 17
VisualStudioVersion = 17.9.34622.214
MinimumVisualStudioVersion = 10.0.40219.1
Project("{2150E333-8FDC-42A3-9474-1A3956D46DE8}") = "src", "src", "{C568BB5A-F9C0-44C2-88DF-C0938EEF02E5}"
EndProject
Project("{2150E333-8FDC-42A3-9474-1A3956D46DE8}") = "tests", "tests", "{B203F3BE-69A3-4841-B31E-B18AE4307260}"
EndProject
Project("{2150E333-8FDC-42A3-9474-1A3956D46DE8}") = "Common", "Common", "{83EBEA52-5B1C-487C-8615-8396803860E9}"
EndProject
Project("{2150E333-8FDC-42A3-9474-1A3956D46DE8}") = "Hosts", "Hosts", "{1CF85D2C-805C-486B-86CB-76D85915A1A6}"
EndProject
Project("{9A19103F-16F7-4668-BE54-9A1E7A4F7556}") = "Beter.TestingTools.Emulator.UnitTests", "tests\Beter.TestingTools.Emulator.UnitTests\Beter.TestingTools.Emulator.UnitTests.csproj", "{EB3A0E27-F95F-4D69-B40A-B49875DB4D84}"
EndProject
Project("{9A19103F-16F7-4668-BE54-9A1E7A4F7556}") = "Beter.TestingTools.Generator.UnitTests", "tests\Beter.TestingTools.Generator.UnitTests\Beter.TestingTools.Generator.UnitTests.csproj", "{F2B1941B-E685-431C-B050-D3FB82619D33}"
EndProject
Project("{9A19103F-16F7-4668-BE54-9A1E7A4F7556}") = "Beter.TestingTools.Common", "src\Common\Beter.TestingTools.Common\Beter.TestingTools.Common.csproj", "{116D2481-C0E4-41EA-81D8-69F6D57F1F3B}"
EndProject
Project("{9A19103F-16F7-4668-BE54-9A1E7A4F7556}") = "Beter.TestingTools.Hosting", "src\Common\Beter.TestingTools.Hosting\Beter.TestingTools.Hosting.csproj", "{82064B53-6997-42E7-B530-8BE43B4D806E}"
EndProject
Project("{9A19103F-16F7-4668-BE54-9A1E7A4F7556}") = "Beter.TestingTools.Logging", "src\Common\Beter.TestingTools.Logging\Beter.TestingTools.Logging.csproj", "{3F426B69-06F9-445C-8C34-AA6F9F9D6996}"
EndProject
Project("{9A19103F-16F7-4668-BE54-9A1E7A4F7556}") = "Beter.TestingTools.Logging.WebApi", "src\Common\Beter.TestingTools.Logging.WebApi\Beter.TestingTools.Logging.WebApi.csproj", "{07F950F4-280A-4879-B7BF-B056BAFA1A3C}"
EndProject
Project("{9A19103F-16F7-4668-BE54-9A1E7A4F7556}") = "Beter.TestingTools.Models", "src\Common\Beter.TestingTools.Models\Beter.TestingTools.Models.csproj", "{AB01F16C-E887-485A-8B32-4C150B8BA757}"
EndProject
Project("{9A19103F-16F7-4668-BE54-9A1E7A4F7556}") = "Beter.TestingTools.Emulator", "src\Hosts\Beter.TestingTools.Emulator\Beter.TestingTools.Emulator.csproj", "{3528EE4B-75C5-40E9-AA24-D03260CB792E}"
EndProject
Project("{9A19103F-16F7-4668-BE54-9A1E7A4F7556}") = "Beter.TestingTools.Generator", "src\Hosts\Beter.TestingTools.Generator\Beter.TestingTools.Generator.csproj", "{56ECE23D-CCBE-4156-AF75-1BFE874744E6}"
EndProject
Project("{E53339B2-1760-4266-BCC7-CA923CBCF16C}") = "docker-compose", "docker-compose.dcproj", "{C0F16408-C973-488A-BDFC-9821FCF69D14}"
EndProject
Global
	GlobalSection(SolutionConfigurationPlatforms) = preSolution
		Debug|Any CPU = Debug|Any CPU
		Release|Any CPU = Release|Any CPU
	EndGlobalSection
	GlobalSection(ProjectConfigurationPlatforms) = postSolution
		{EB3A0E27-F95F-4D69-B40A-B49875DB4D84}.Debug|Any CPU.ActiveCfg = Debug|Any CPU
		{EB3A0E27-F95F-4D69-B40A-B49875DB4D84}.Debug|Any CPU.Build.0 = Debug|Any CPU
		{EB3A0E27-F95F-4D69-B40A-B49875DB4D84}.Release|Any CPU.ActiveCfg = Release|Any CPU
		{EB3A0E27-F95F-4D69-B40A-B49875DB4D84}.Release|Any CPU.Build.0 = Release|Any CPU
		{F2B1941B-E685-431C-B050-D3FB82619D33}.Debug|Any CPU.ActiveCfg = Debug|Any CPU
		{F2B1941B-E685-431C-B050-D3FB82619D33}.Debug|Any CPU.Build.0 = Debug|Any CPU
		{F2B1941B-E685-431C-B050-D3FB82619D33}.Release|Any CPU.ActiveCfg = Release|Any CPU
		{F2B1941B-E685-431C-B050-D3FB82619D33}.Release|Any CPU.Build.0 = Release|Any CPU
		{116D2481-C0E4-41EA-81D8-69F6D57F1F3B}.Debug|Any CPU.ActiveCfg = Debug|Any CPU
		{116D2481-C0E4-41EA-81D8-69F6D57F1F3B}.Debug|Any CPU.Build.0 = Debug|Any CPU
		{116D2481-C0E4-41EA-81D8-69F6D57F1F3B}.Release|Any CPU.ActiveCfg = Release|Any CPU
		{116D2481-C0E4-41EA-81D8-69F6D57F1F3B}.Release|Any CPU.Build.0 = Release|Any CPU
		{82064B53-6997-42E7-B530-8BE43B4D806E}.Debug|Any CPU.ActiveCfg = Debug|Any CPU
		{82064B53-6997-42E7-B530-8BE43B4D806E}.Debug|Any CPU.Build.0 = Debug|Any CPU
		{82064B53-6997-42E7-B530-8BE43B4D806E}.Release|Any CPU.ActiveCfg = Release|Any CPU
		{82064B53-6997-42E7-B530-8BE43B4D806E}.Release|Any CPU.Build.0 = Release|Any CPU
		{3F426B69-06F9-445C-8C34-AA6F9F9D6996}.Debug|Any CPU.ActiveCfg = Debug|Any CPU
		{3F426B69-06F9-445C-8C34-AA6F9F9D6996}.Debug|Any CPU.Build.0 = Debug|Any CPU
		{3F426B69-06F9-445C-8C34-AA6F9F9D6996}.Release|Any CPU.ActiveCfg = Release|Any CPU
		{3F426B69-06F9-445C-8C34-AA6F9F9D6996}.Release|Any CPU.Build.0 = Release|Any CPU
		{07F950F4-280A-4879-B7BF-B056BAFA1A3C}.Debug|Any CPU.ActiveCfg = Debug|Any CPU
		{07F950F4-280A-4879-B7BF-B056BAFA1A3C}.Debug|Any CPU.Build.0 = Debug|Any CPU
		{07F950F4-280A-4879-B7BF-B056BAFA1A3C}.Release|Any CPU.ActiveCfg = Release|Any CPU
		{07F950F4-280A-4879-B7BF-B056BAFA1A3C}.Release|Any CPU.Build.0 = Release|Any CPU
		{AB01F16C-E887-485A-8B32-4C150B8BA757}.Debug|Any CPU.ActiveCfg = Debug|Any CPU
		{AB01F16C-E887-485A-8B32-4C150B8BA757}.Debug|Any CPU.Build.0 = Debug|Any CPU
		{AB01F16C-E887-485A-8B32-4C150B8BA757}.Release|Any CPU.ActiveCfg = Release|Any CPU
		{AB01F16C-E887-485A-8B32-4C150B8BA757}.Release|Any CPU.Build.0 = Release|Any CPU
		{3528EE4B-75C5-40E9-AA24-D03260CB792E}.Debug|Any CPU.ActiveCfg = Debug|Any CPU
		{3528EE4B-75C5-40E9-AA24-D03260CB792E}.Debug|Any CPU.Build.0 = Debug|Any CPU
		{3528EE4B-75C5-40E9-AA24-D03260CB792E}.Release|Any CPU.ActiveCfg = Release|Any CPU
		{3528EE4B-75C5-40E9-AA24-D03260CB792E}.Release|Any CPU.Build.0 = Release|Any CPU
		{56ECE23D-CCBE-4156-AF75-1BFE874744E6}.Debug|Any CPU.ActiveCfg = Debug|Any CPU
		{56ECE23D-CCBE-4156-AF75-1BFE874744E6}.Debug|Any CPU.Build.0 = Debug|Any CPU
		{56ECE23D-CCBE-4156-AF75-1BFE874744E6}.Release|Any CPU.ActiveCfg = Release|Any CPU
		{56ECE23D-CCBE-4156-AF75-1BFE874744E6}.Release|Any CPU.Build.0 = Release|Any CPU
		{C0F16408-C973-488A-BDFC-9821FCF69D14}.Debug|Any CPU.ActiveCfg = Debug|Any CPU
		{C0F16408-C973-488A-BDFC-9821FCF69D14}.Debug|Any CPU.Build.0 = Debug|Any CPU
		{C0F16408-C973-488A-BDFC-9821FCF69D14}.Release|Any CPU.ActiveCfg = Release|Any CPU
		{C0F16408-C973-488A-BDFC-9821FCF69D14}.Release|Any CPU.Build.0 = Release|Any CPU
	EndGlobalSection
	GlobalSection(SolutionProperties) = preSolution
		HideSolutionNode = FALSE
	EndGlobalSection
	GlobalSection(NestedProjects) = preSolution
		{83EBEA52-5B1C-487C-8615-8396803860E9} = {C568BB5A-F9C0-44C2-88DF-C0938EEF02E5}
		{1CF85D2C-805C-486B-86CB-76D85915A1A6} = {C568BB5A-F9C0-44C2-88DF-C0938EEF02E5}
		{EB3A0E27-F95F-4D69-B40A-B49875DB4D84} = {B203F3BE-69A3-4841-B31E-B18AE4307260}
		{F2B1941B-E685-431C-B050-D3FB82619D33} = {B203F3BE-69A3-4841-B31E-B18AE4307260}
		{116D2481-C0E4-41EA-81D8-69F6D57F1F3B} = {83EBEA52-5B1C-487C-8615-8396803860E9}
		{82064B53-6997-42E7-B530-8BE43B4D806E} = {83EBEA52-5B1C-487C-8615-8396803860E9}
		{3F426B69-06F9-445C-8C34-AA6F9F9D6996} = {83EBEA52-5B1C-487C-8615-8396803860E9}
		{07F950F4-280A-4879-B7BF-B056BAFA1A3C} = {83EBEA52-5B1C-487C-8615-8396803860E9}
		{AB01F16C-E887-485A-8B32-4C150B8BA757} = {83EBEA52-5B1C-487C-8615-8396803860E9}
		{3528EE4B-75C5-40E9-AA24-D03260CB792E} = {1CF85D2C-805C-486B-86CB-76D85915A1A6}
		{56ECE23D-CCBE-4156-AF75-1BFE874744E6} = {1CF85D2C-805C-486B-86CB-76D85915A1A6}
	EndGlobalSection
	GlobalSection(ExtensibilityGlobals) = postSolution
		SolutionGuid = {41C07415-9441-4202-8F50-41BE1CB6A5C7}
	EndGlobalSection
EndGlobal
